{
  "name": "scriba",
  "version": "1.0.0",
  "lockfileVersion": 3,
  "requires": true,
  "packages": {
    "": {
      "name": "scriba",
      "dependencies": {
        "daisyui": "^5.2.3"
      }
    },
    "node_modules/daisyui": {
      "version": "5.2.3",
      "resolved": "https://registry.npmjs.org/daisyui/-/daisyui-5.2.3.tgz",
      "integrity": "sha512-sldBQUIFCsSPoF4LvoHhIi9GnvBX/3aZD9NoTOvpTSX8sDjO484wQx7yEvRyREMpn4rZMvQSKKskHAHdM8+B4Q==",
      "license": "MIT",
      "funding": {
        "url": "https://github.com/saadeghi/daisyui?sponsor=1"
      }
    }
  }
}
